
Microsoft Visual Studio Solution File, Format Version 12.00
# Visual Studio 15
VisualStudioVersion = 15.0.28307.168
MinimumVisualStudioVersion = 10.0.40219.1
Project("{FAE04EC0-301F-11D3-BF4B-00C04F79EFBC}") = "imaima.Desktop", "imaima.Desktop\imaima.Desktop.csproj", "{316EE8ED-246A-4D33-8BB3-B33E8B691E30}"
EndProject
Project("{FAE04EC0-301F-11D3-BF4B-00C04F79EFBC}") = "imaima.Game", "imaima.Game\imaima.Game.csproj", "{AD0251C2-3EA8-4412-9102-96A46C01F7C7}"
EndProject
Project("{FAE04EC0-301F-11D3-BF4B-00C04F79EFBC}") = "imaima.Resources", "imaima.Resources\imaima.Resources.csproj", "{61838AB0-F794-43D1-B545-E528ACEE3EDE}"
EndProject
Global
	GlobalSection(SolutionConfigurationPlatforms) = preSolution
		Debug|Any CPU = Debug|Any CPU
		Release|Any CPU = Release|Any CPU
	EndGlobalSection
	GlobalSection(ProjectConfigurationPlatforms) = postSolution
		{316EE8ED-246A-4D33-8BB3-B33E8B691E30}.Debug|Any CPU.ActiveCfg = Debug|Any CPU
		{316EE8ED-246A-4D33-8BB3-B33E8B691E30}.Debug|Any CPU.Build.0 = Debug|Any CPU
		{316EE8ED-246A-4D33-8BB3-B33E8B691E30}.Release|Any CPU.ActiveCfg = Release|Any CPU
		{316EE8ED-246A-4D33-8BB3-B33E8B691E30}.Release|Any CPU.Build.0 = Release|Any CPU
		{AD0251C2-3EA8-4412-9102-96A46C01F7C7}.Debug|Any CPU.ActiveCfg = Debug|Any CPU
		{AD0251C2-3EA8-4412-9102-96A46C01F7C7}.Debug|Any CPU.Build.0 = Debug|Any CPU
		{AD0251C2-3EA8-4412-9102-96A46C01F7C7}.Release|Any CPU.ActiveCfg = Release|Any CPU
		{AD0251C2-3EA8-4412-9102-96A46C01F7C7}.Release|Any CPU.Build.0 = Release|Any CPU
		{61838AB0-F794-43D1-B545-E528ACEE3EDE}.Debug|Any CPU.ActiveCfg = Debug|Any CPU
		{61838AB0-F794-43D1-B545-E528ACEE3EDE}.Debug|Any CPU.Build.0 = Debug|Any CPU
		{61838AB0-F794-43D1-B545-E528ACEE3EDE}.Release|Any CPU.ActiveCfg = Release|Any CPU
		{61838AB0-F794-43D1-B545-E528ACEE3EDE}.Release|Any CPU.Build.0 = Release|Any CPU
	EndGlobalSection
	GlobalSection(SolutionProperties) = preSolution
		HideSolutionNode = FALSE
	EndGlobalSection
	GlobalSection(ExtensibilityGlobals) = postSolution
		SolutionGuid = {F4871AFE-2AD0-4467-A23F-4311E7AC8F99}
	EndGlobalSection
EndGlobal
